
Microsoft Visual Studio Solution File, Format Version 12.00
# Visual Studio Version 17
VisualStudioVersion = 17.0.31903.59
MinimumVisualStudioVersion = 10.0.40219.1
Project("{2150E333-8FDC-42A3-9474-1A3956D46DE8}") = "src", "src", "{76D63243-3127-44E1-B20F-2A91D47D2128}"
EndProject
Project("{FAE04EC0-301F-11D3-BF4B-00C04F79EFBC}") = "AuctionService", "src\AuctionService\AuctionService.csproj", "{1385B606-320A-4D61-8BB7-F2E80CAA50CC}"
EndProject
Project("{FAE04EC0-301F-11D3-BF4B-00C04F79EFBC}") = "SearchService", "src\SearchService\SearchService.csproj", "{63011AE8-889E-4073-BAAD-70F1158E82EF}"
EndProject
Global
	GlobalSection(SolutionConfigurationPlatforms) = preSolution
		Debug|Any CPU = Debug|Any CPU
		Release|Any CPU = Release|Any CPU
	EndGlobalSection
	GlobalSection(SolutionProperties) = preSolution
		HideSolutionNode = FALSE
	EndGlobalSection
	GlobalSection(ProjectConfigurationPlatforms) = postSolution
		{1385B606-320A-4D61-8BB7-F2E80CAA50CC}.Debug|Any CPU.ActiveCfg = Debug|Any CPU
		{1385B606-320A-4D61-8BB7-F2E80CAA50CC}.Debug|Any CPU.Build.0 = Debug|Any CPU
		{1385B606-320A-4D61-8BB7-F2E80CAA50CC}.Release|Any CPU.ActiveCfg = Release|Any CPU
		{1385B606-320A-4D61-8BB7-F2E80CAA50CC}.Release|Any CPU.Build.0 = Release|Any CPU
		{63011AE8-889E-4073-BAAD-70F1158E82EF}.Debug|Any CPU.ActiveCfg = Debug|Any CPU
		{63011AE8-889E-4073-BAAD-70F1158E82EF}.Debug|Any CPU.Build.0 = Debug|Any CPU
		{63011AE8-889E-4073-BAAD-70F1158E82EF}.Release|Any CPU.ActiveCfg = Release|Any CPU
		{63011AE8-889E-4073-BAAD-70F1158E82EF}.Release|Any CPU.Build.0 = Release|Any CPU
	EndGlobalSection
	GlobalSection(NestedProjects) = preSolution
		{1385B606-320A-4D61-8BB7-F2E80CAA50CC} = {76D63243-3127-44E1-B20F-2A91D47D2128}
		{63011AE8-889E-4073-BAAD-70F1158E82EF} = {76D63243-3127-44E1-B20F-2A91D47D2128}
	EndGlobalSection
EndGlobal
